// !$*UTF8*$!
{
	archiveVersion = 1;
	classes = {
	};
	objectVersion = 55;
	objects = {

/* Begin PBXBuildFile section */
		8EC735D927C2AA4200010A7E /* AppDelegate.swift in Sources */ = {isa = PBXBuildFile; fileRef = 8EC735D827C2AA4200010A7E /* AppDelegate.swift */; };
		8EC735DB27C2AA4200010A7E /* SceneDelegate.swift in Sources */ = {isa = PBXBuildFile; fileRef = 8EC735DA27C2AA4200010A7E /* SceneDelegate.swift */; };
		8EC735DD27C2AA4200010A7E /* LoginViewController.swift in Sources */ = {isa = PBXBuildFile; fileRef = 8EC735DC27C2AA4200010A7E /* LoginViewController.swift */; };
		8EC735E027C2AA4200010A7E /* Main.storyboard in Resources */ = {isa = PBXBuildFile; fileRef = 8EC735DE27C2AA4200010A7E /* Main.storyboard */; };
		8EC735E227C2AA4400010A7E /* Assets.xcassets in Resources */ = {isa = PBXBuildFile; fileRef = 8EC735E127C2AA4400010A7E /* Assets.xcassets */; };
		8EC735E527C2AA4400010A7E /* LaunchScreen.storyboard in Resources */ = {isa = PBXBuildFile; fileRef = 8EC735E327C2AA4400010A7E /* LaunchScreen.storyboard */; };
		8EC82B8B27C31EA600DA0EEA /* client_175473365071-66i6na1tmqt9ovdk9q3527a6jitmgdt0.apps.googleusercontent.com.plist in Resources */ = {isa = PBXBuildFile; fileRef = 8EC82B8A27C31EA600DA0EEA /* client_175473365071-66i6na1tmqt9ovdk9q3527a6jitmgdt0.apps.googleusercontent.com.plist */; };
		8EC82B8D27C322A500DA0EEA /* MainViewController.swift in Sources */ = {isa = PBXBuildFile; fileRef = 8EC82B8C27C322A500DA0EEA /* MainViewController.swift */; };
		D236367B5EE05F82A36E1B70 /* Pods_YouTubeClone.framework in Frameworks */ = {isa = PBXBuildFile; fileRef = 73280B0052D867A7D2D1D75D /* Pods_YouTubeClone.framework */; };
/* End PBXBuildFile section */

/* Begin PBXFileReference section */
		73280B0052D867A7D2D1D75D /* Pods_YouTubeClone.framework */ = {isa = PBXFileReference; explicitFileType = wrapper.framework; includeInIndex = 0; path = Pods_YouTubeClone.framework; sourceTree = BUILT_PRODUCTS_DIR; };
		8EC735D527C2AA4200010A7E /* YouTubeClone.app */ = {isa = PBXFileReference; explicitFileType = wrapper.application; includeInIndex = 0; path = YouTubeClone.app; sourceTree = BUILT_PRODUCTS_DIR; };
		8EC735D827C2AA4200010A7E /* AppDelegate.swift */ = {isa = PBXFileReference; lastKnownFileType = sourcecode.swift; path = AppDelegate.swift; sourceTree = "<group>"; };
		8EC735DA27C2AA4200010A7E /* SceneDelegate.swift */ = {isa = PBXFileReference; lastKnownFileType = sourcecode.swift; path = SceneDelegate.swift; sourceTree = "<group>"; };
		8EC735DC27C2AA4200010A7E /* LoginViewController.swift */ = {isa = PBXFileReference; lastKnownFileType = sourcecode.swift; path = LoginViewController.swift; sourceTree = "<group>"; };
		8EC735DF27C2AA4200010A7E /* Base */ = {isa = PBXFileReference; lastKnownFileType = file.storyboard; name = Base; path = Base.lproj/Main.storyboard; sourceTree = "<group>"; };
		8EC735E127C2AA4400010A7E /* Assets.xcassets */ = {isa = PBXFileReference; lastKnownFileType = folder.assetcatalog; path = Assets.xcassets; sourceTree = "<group>"; };
		8EC735E427C2AA4400010A7E /* Base */ = {isa = PBXFileReference; lastKnownFileType = file.storyboard; name = Base; path = Base.lproj/LaunchScreen.storyboard; sourceTree = "<group>"; };
		8EC735E627C2AA4400010A7E /* Info.plist */ = {isa = PBXFileReference; lastKnownFileType = text.plist.xml; path = Info.plist; sourceTree = "<group>"; };
		8EC82B8A27C31EA600DA0EEA /* client_175473365071-66i6na1tmqt9ovdk9q3527a6jitmgdt0.apps.googleusercontent.com.plist */ = {isa = PBXFileReference; fileEncoding = 4; lastKnownFileType = text.plist.xml; path = "client_175473365071-66i6na1tmqt9ovdk9q3527a6jitmgdt0.apps.googleusercontent.com.plist"; sourceTree = "<group>"; };
		8EC82B8C27C322A500DA0EEA /* MainViewController.swift */ = {isa = PBXFileReference; lastKnownFileType = sourcecode.swift; path = MainViewController.swift; sourceTree = "<group>"; };
		A7CDBE14B78EECD35E674ADC /* Pods-YouTubeClone.debug.xcconfig */ = {isa = PBXFileReference; includeInIndex = 1; lastKnownFileType = text.xcconfig; name = "Pods-YouTubeClone.debug.xcconfig"; path = "Target Support Files/Pods-YouTubeClone/Pods-YouTubeClone.debug.xcconfig"; sourceTree = "<group>"; };
		E72D03714E7C205B9D28F1DA /* Pods-YouTubeClone.release.xcconfig */ = {isa = PBXFileReference; includeInIndex = 1; lastKnownFileType = text.xcconfig; name = "Pods-YouTubeClone.release.xcconfig"; path = "Target Support Files/Pods-YouTubeClone/Pods-YouTubeClone.release.xcconfig"; sourceTree = "<group>"; };
/* End PBXFileReference section */

/* Begin PBXFrameworksBuildPhase section */
		8EC735D227C2AA4200010A7E /* Frameworks */ = {
			isa = PBXFrameworksBuildPhase;
			buildActionMask = 2147483647;
			files = (
				D236367B5EE05F82A36E1B70 /* Pods_YouTubeClone.framework in Frameworks */,
			);
			runOnlyForDeploymentPostprocessing = 0;
		};
/* End PBXFrameworksBuildPhase section */

/* Begin PBXGroup section */
		20CB52294C10023F7138DDDB /* Frameworks */ = {
			isa = PBXGroup;
			children = (
				73280B0052D867A7D2D1D75D /* Pods_YouTubeClone.framework */,
			);
			name = Frameworks;
			sourceTree = "<group>";
		};
		8EC735CC27C2AA4200010A7E = {
			isa = PBXGroup;
			children = (
				8EC82B8A27C31EA600DA0EEA /* client_175473365071-66i6na1tmqt9ovdk9q3527a6jitmgdt0.apps.googleusercontent.com.plist */,
				8EC735D727C2AA4200010A7E /* YouTubeClone */,
				8EC735D627C2AA4200010A7E /* Products */,
				D4F19F458A9D11EF7D8F09AB /* Pods */,
				20CB52294C10023F7138DDDB /* Frameworks */,
			);
			sourceTree = "<group>";
		};
		8EC735D627C2AA4200010A7E /* Products */ = {
			isa = PBXGroup;
			children = (
				8EC735D527C2AA4200010A7E /* YouTubeClone.app */,
			);
			name = Products;
			sourceTree = "<group>";
		};
		8EC735D727C2AA4200010A7E /* YouTubeClone */ = {
			isa = PBXGroup;
			children = (
				8EC735D827C2AA4200010A7E /* AppDelegate.swift */,
				8EC735DA27C2AA4200010A7E /* SceneDelegate.swift */,
				8EC735DC27C2AA4200010A7E /* LoginViewController.swift */,
				8EC735DE27C2AA4200010A7E /* Main.storyboard */,
				8EC735E127C2AA4400010A7E /* Assets.xcassets */,
				8EC735E327C2AA4400010A7E /* LaunchScreen.storyboard */,
				8EC735E627C2AA4400010A7E /* Info.plist */,
				8EC82B8C27C322A500DA0EEA /* MainViewController.swift */,
			);
			path = YouTubeClone;
			sourceTree = "<group>";
		};
		D4F19F458A9D11EF7D8F09AB /* Pods */ = {
			isa = PBXGroup;
			children = (
				A7CDBE14B78EECD35E674ADC /* Pods-YouTubeClone.debug.xcconfig */,
				E72D03714E7C205B9D28F1DA /* Pods-YouTubeClone.release.xcconfig */,
			);
			path = Pods;
			sourceTree = "<group>";
		};
/* End PBXGroup section */

/* Begin PBXNativeTarget section */
		8EC735D427C2AA4200010A7E /* YouTubeClone */ = {
			isa = PBXNativeTarget;
			buildConfigurationList = 8EC735E927C2AA4400010A7E /* Build configuration list for PBXNativeTarget "YouTubeClone" */;
			buildPhases = (
				9C40CC3800E92850552E5450 /* [CP] Check Pods Manifest.lock */,
				8EC735D127C2AA4200010A7E /* Sources */,
				8EC735D227C2AA4200010A7E /* Frameworks */,
				8EC735D327C2AA4200010A7E /* Resources */,
				727251E94D00C6808D0E1BC0 /* [CP] Embed Pods Frameworks */,
				4EDDCBAEEBFCF92E986BE6EC /* [CP] Copy Pods Resources */,
			);
			buildRules = (
			);
			dependencies = (
			);
			name = YouTubeClone;
			productName = YouTubeClone;
			productReference = 8EC735D527C2AA4200010A7E /* YouTubeClone.app */;
			productType = "com.apple.product-type.application";
		};
/* End PBXNativeTarget section */

/* Begin PBXProject section */
		8EC735CD27C2AA4200010A7E /* Project object */ = {
			isa = PBXProject;
			attributes = {
				BuildIndependentTargetsInParallel = 1;
				LastSwiftUpdateCheck = 1320;
				LastUpgradeCheck = 1320;
				TargetAttributes = {
					8EC735D427C2AA4200010A7E = {
						CreatedOnToolsVersion = 13.2.1;
					};
				};
			};
			buildConfigurationList = 8EC735D027C2AA4200010A7E /* Build configuration list for PBXProject "YouTubeClone" */;
			compatibilityVersion = "Xcode 13.0";
			developmentRegion = en;
			hasScannedForEncodings = 0;
			knownRegions = (
				en,
				Base,
			);
			mainGroup = 8EC735CC27C2AA4200010A7E;
			productRefGroup = 8EC735D627C2AA4200010A7E /* Products */;
			projectDirPath = "";
			projectRoot = "";
			targets = (
				8EC735D427C2AA4200010A7E /* YouTubeClone */,
			);
		};
/* End PBXProject section */

/* Begin PBXResourcesBuildPhase section */
		8EC735D327C2AA4200010A7E /* Resources */ = {
			isa = PBXResourcesBuildPhase;
			buildActionMask = 2147483647;
			files = (
				8EC735E527C2AA4400010A7E /* LaunchScreen.storyboard in Resources */,
				8EC735E227C2AA4400010A7E /* Assets.xcassets in Resources */,
				8EC82B8B27C31EA600DA0EEA /* client_175473365071-66i6na1tmqt9ovdk9q3527a6jitmgdt0.apps.googleusercontent.com.plist in Resources */,
				8EC735E027C2AA4200010A7E /* Main.storyboard in Resources */,
			);
			runOnlyForDeploymentPostprocessing = 0;
		};
/* End PBXResourcesBuildPhase section */

/* Begin PBXShellScriptBuildPhase section */
		4EDDCBAEEBFCF92E986BE6EC /* [CP] Copy Pods Resources */ = {
			isa = PBXShellScriptBuildPhase;
			buildActionMask = 2147483647;
			files = (
			);
			inputFileListPaths = (
				"${PODS_ROOT}/Target Support Files/Pods-YouTubeClone/Pods-YouTubeClone-resources-${CONFIGURATION}-input-files.xcfilelist",
			);
			name = "[CP] Copy Pods Resources";
			outputFileListPaths = (
				"${PODS_ROOT}/Target Support Files/Pods-YouTubeClone/Pods-YouTubeClone-resources-${CONFIGURATION}-output-files.xcfilelist",
			);
			runOnlyForDeploymentPostprocessing = 0;
			shellPath = /bin/sh;
			shellScript = "\"${PODS_ROOT}/Target Support Files/Pods-YouTubeClone/Pods-YouTubeClone-resources.sh\"\n";
			showEnvVarsInLog = 0;
		};
		727251E94D00C6808D0E1BC0 /* [CP] Embed Pods Frameworks */ = {
			isa = PBXShellScriptBuildPhase;
			buildActionMask = 2147483647;
			files = (
			);
			inputFileListPaths = (
				"${PODS_ROOT}/Target Support Files/Pods-YouTubeClone/Pods-YouTubeClone-frameworks-${CONFIGURATION}-input-files.xcfilelist",
			);
			name = "[CP] Embed Pods Frameworks";
			outputFileListPaths = (
				"${PODS_ROOT}/Target Support Files/Pods-YouTubeClone/Pods-YouTubeClone-frameworks-${CONFIGURATION}-output-files.xcfilelist",
			);
			runOnlyForDeploymentPostprocessing = 0;
			shellPath = /bin/sh;
			shellScript = "\"${PODS_ROOT}/Target Support Files/Pods-YouTubeClone/Pods-YouTubeClone-frameworks.sh\"\n";
			showEnvVarsInLog = 0;
		};
		9C40CC3800E92850552E5450 /* [CP] Check Pods Manifest.lock */ = {
			isa = PBXShellScriptBuildPhase;
			buildActionMask = 2147483647;
			files = (
			);
			inputFileListPaths = (
			);
			inputPaths = (
				"${PODS_PODFILE_DIR_PATH}/Podfile.lock",
				"${PODS_ROOT}/Manifest.lock",
			);
			name = "[CP] Check Pods Manifest.lock";
			outputFileListPaths = (
			);
			outputPaths = (
				"$(DERIVED_FILE_DIR)/Pods-YouTubeClone-checkManifestLockResult.txt",
			);
			runOnlyForDeploymentPostprocessing = 0;
			shellPath = /bin/sh;
			shellScript = "diff \"${PODS_PODFILE_DIR_PATH}/Podfile.lock\" \"${PODS_ROOT}/Manifest.lock\" > /dev/null\nif [ $? != 0 ] ; then\n    # print error to STDERR\n    echo \"error: The sandbox is not in sync with the Podfile.lock. Run 'pod install' or update your CocoaPods installation.\" >&2\n    exit 1\nfi\n# This output is used by Xcode 'outputs' to avoid re-running this script phase.\necho \"SUCCESS\" > \"${SCRIPT_OUTPUT_FILE_0}\"\n";
			showEnvVarsInLog = 0;
		};
/* End PBXShellScriptBuildPhase section */

/* Begin PBXSourcesBuildPhase section */
		8EC735D127C2AA4200010A7E /* Sources */ = {
			isa = PBXSourcesBuildPhase;
			buildActionMask = 2147483647;
			files = (
				8EC735DD27C2AA4200010A7E /* LoginViewController.swift in Sources */,
				8EC735D927C2AA4200010A7E /* AppDelegate.swift in Sources */,
				8EC735DB27C2AA4200010A7E /* SceneDelegate.swift in Sources */,
				8EC82B8D27C322A500DA0EEA /* MainViewController.swift in Sources */,
			);
			runOnlyForDeploymentPostprocessing = 0;
		};
/* End PBXSourcesBuildPhase section */

/* Begin PBXVariantGroup section */
		8EC735DE27C2AA4200010A7E /* Main.storyboard */ = {
			isa = PBXVariantGroup;
			children = (
				8EC735DF27C2AA4200010A7E /* Base */,
			);
			name = Main.storyboard;
			sourceTree = "<group>";
		};
		8EC735E327C2AA4400010A7E /* LaunchScreen.storyboard */ = {
			isa = PBXVariantGroup;
			children = (
				8EC735E427C2AA4400010A7E /* Base */,
			);
			name = LaunchScreen.storyboard;
			sourceTree = "<group>";
		};
/* End PBXVariantGroup section */

/* Begin XCBuildConfiguration section */
		8EC735E727C2AA4400010A7E /* Debug */ = {
			isa = XCBuildConfiguration;
			buildSettings = {
				ALWAYS_SEARCH_USER_PATHS = NO;
				CLANG_ANALYZER_NONNULL = YES;
				CLANG_ANALYZER_NUMBER_OBJECT_CONVERSION = YES_AGGRESSIVE;
				CLANG_CXX_LANGUAGE_STANDARD = "gnu++17";
				CLANG_CXX_LIBRARY = "libc++";
				CLANG_ENABLE_MODULES = YES;
				CLANG_ENABLE_OBJC_ARC = YES;
				CLANG_ENABLE_OBJC_WEAK = YES;
				CLANG_WARN_BLOCK_CAPTURE_AUTORELEASING = YES;
				CLANG_WARN_BOOL_CONVERSION = YES;
				CLANG_WARN_COMMA = YES;
				CLANG_WARN_CONSTANT_CONVERSION = YES;
				CLANG_WARN_DEPRECATED_OBJC_IMPLEMENTATIONS = YES;
				CLANG_WARN_DIRECT_OBJC_ISA_USAGE = YES_ERROR;
				CLANG_WARN_DOCUMENTATION_COMMENTS = YES;
				CLANG_WARN_EMPTY_BODY = YES;
				CLANG_WARN_ENUM_CONVERSION = YES;
				CLANG_WARN_INFINITE_RECURSION = YES;
				CLANG_WARN_INT_CONVERSION = YES;
				CLANG_WARN_NON_LITERAL_NULL_CONVERSION = YES;
				CLANG_WARN_OBJC_IMPLICIT_RETAIN_SELF = YES;
				CLANG_WARN_OBJC_LITERAL_CONVERSION = YES;
				CLANG_WARN_OBJC_ROOT_CLASS = YES_ERROR;
				CLANG_WARN_QUOTED_INCLUDE_IN_FRAMEWORK_HEADER = YES;
				CLANG_WARN_RANGE_LOOP_ANALYSIS = YES;
				CLANG_WARN_STRICT_PROTOTYPES = YES;
				CLANG_WARN_SUSPICIOUS_MOVE = YES;
				CLANG_WARN_UNGUARDED_AVAILABILITY = YES_AGGRESSIVE;
				CLANG_WARN_UNREACHABLE_CODE = YES;
				CLANG_WARN__DUPLICATE_METHOD_MATCH = YES;
				COPY_PHASE_STRIP = NO;
				DEBUG_INFORMATION_FORMAT = dwarf;
				ENABLE_STRICT_OBJC_MSGSEND = YES;
				ENABLE_TESTABILITY = YES;
				GCC_C_LANGUAGE_STANDARD = gnu11;
				GCC_DYNAMIC_NO_PIC = NO;
				GCC_NO_COMMON_BLOCKS = YES;
				GCC_OPTIMIZATION_LEVEL = 0;
				GCC_PREPROCESSOR_DEFINITIONS = (
					"DEBUG=1",
					"$(inherited)",
				);
				GCC_WARN_64_TO_32_BIT_CONVERSION = YES;
				GCC_WARN_ABOUT_RETURN_TYPE = YES_ERROR;
				GCC_WARN_UNDECLARED_SELECTOR = YES;
				GCC_WARN_UNINITIALIZED_AUTOS = YES_AGGRESSIVE;
				GCC_WARN_UNUSED_FUNCTION = YES;
				GCC_WARN_UNUSED_VARIABLE = YES;
				IPHONEOS_DEPLOYMENT_TARGET = 15.2;
				MTL_ENABLE_DEBUG_INFO = INCLUDE_SOURCE;
				MTL_FAST_MATH = YES;
				ONLY_ACTIVE_ARCH = YES;
				SDKROOT = iphoneos;
				SWIFT_ACTIVE_COMPILATION_CONDITIONS = DEBUG;
				SWIFT_OPTIMIZATION_LEVEL = "-Onone";
			};
			name = Debug;
		};
		8EC735E827C2AA4400010A7E /* Release */ = {
			isa = XCBuildConfiguration;
			buildSettings = {
				ALWAYS_SEARCH_USER_PATHS = NO;
				CLANG_ANALYZER_NONNULL = YES;
				CLANG_ANALYZER_NUMBER_OBJECT_CONVERSION = YES_AGGRESSIVE;
				CLANG_CXX_LANGUAGE_STANDARD = "gnu++17";
				CLANG_CXX_LIBRARY = "libc++";
				CLANG_ENABLE_MODULES = YES;
				CLANG_ENABLE_OBJC_ARC = YES;
				CLANG_ENABLE_OBJC_WEAK = YES;
				CLANG_WARN_BLOCK_CAPTURE_AUTORELEASING = YES;
				CLANG_WARN_BOOL_CONVERSION = YES;
				CLANG_WARN_COMMA = YES;
				CLANG_WARN_CONSTANT_CONVERSION = YES;
				CLANG_WARN_DEPRECATED_OBJC_IMPLEMENTATIONS = YES;
				CLANG_WARN_DIRECT_OBJC_ISA_USAGE = YES_ERROR;
				CLANG_WARN_DOCUMENTATION_COMMENTS = YES;
				CLANG_WARN_EMPTY_BODY = YES;
				CLANG_WARN_ENUM_CONVERSION = YES;
				CLANG_WARN_INFINITE_RECURSION = YES;
				CLANG_WARN_INT_CONVERSION = YES;
				CLANG_WARN_NON_LITERAL_NULL_CONVERSION = YES;
				CLANG_WARN_OBJC_IMPLICIT_RETAIN_SELF = YES;
				CLANG_WARN_OBJC_LITERAL_CONVERSION = YES;
				CLANG_WARN_OBJC_ROOT_CLASS = YES_ERROR;
				CLANG_WARN_QUOTED_INCLUDE_IN_FRAMEWORK_HEADER = YES;
				CLANG_WARN_RANGE_LOOP_ANALYSIS = YES;
				CLANG_WARN_STRICT_PROTOTYPES = YES;
				CLANG_WARN_SUSPICIOUS_MOVE = YES;
				CLANG_WARN_UNGUARDED_AVAILABILITY = YES_AGGRESSIVE;
				CLANG_WARN_UNREACHABLE_CODE = YES;
				CLANG_WARN__DUPLICATE_METHOD_MATCH = YES;
				COPY_PHASE_STRIP = NO;
				DEBUG_INFORMATION_FORMAT = "dwarf-with-dsym";
				ENABLE_NS_ASSERTIONS = NO;
				ENABLE_STRICT_OBJC_MSGSEND = YES;
				GCC_C_LANGUAGE_STANDARD = gnu11;
				GCC_NO_COMMON_BLOCKS = YES;
				GCC_WARN_64_TO_32_BIT_CONVERSION = YES;
				GCC_WARN_ABOUT_RETURN_TYPE = YES_ERROR;
				GCC_WARN_UNDECLARED_SELECTOR = YES;
				GCC_WARN_UNINITIALIZED_AUTOS = YES_AGGRESSIVE;
				GCC_WARN_UNUSED_FUNCTION = YES;
				GCC_WARN_UNUSED_VARIABLE = YES;
				IPHONEOS_DEPLOYMENT_TARGET = 15.2;
				MTL_ENABLE_DEBUG_INFO = NO;
				MTL_FAST_MATH = YES;
				SDKROOT = iphoneos;
				SWIFT_COMPILATION_MODE = wholemodule;
				SWIFT_OPTIMIZATION_LEVEL = "-O";
				VALIDATE_PRODUCT = YES;
			};
			name = Release;
		};
		8EC735EA27C2AA4400010A7E /* Debug */ = {
			isa = XCBuildConfiguration;
			baseConfigurationReference = A7CDBE14B78EECD35E674ADC /* Pods-YouTubeClone.debug.xcconfig */;
			buildSettings = {
				ASSETCATALOG_COMPILER_APPICON_NAME = AppIcon;
				ASSETCATALOG_COMPILER_GLOBAL_ACCENT_COLOR_NAME = AccentColor;
				CODE_SIGN_STYLE = Automatic;
				CURRENT_PROJECT_VERSION = 1;
				DEVELOPMENT_TEAM = Z6247PH2JQ;
				GENERATE_INFOPLIST_FILE = YES;
				INFOPLIST_FILE = YouTubeClone/Info.plist;
				INFOPLIST_KEY_UIApplicationSupportsIndirectInputEvents = YES;
				INFOPLIST_KEY_UILaunchStoryboardName = LaunchScreen;
				INFOPLIST_KEY_UIMainStoryboardFile = Main;
				INFOPLIST_KEY_UISupportedInterfaceOrientations_iPad = "UIInterfaceOrientationPortrait UIInterfaceOrientationPortraitUpsideDown UIInterfaceOrientationLandscapeLeft UIInterfaceOrientationLandscapeRight";
				INFOPLIST_KEY_UISupportedInterfaceOrientations_iPhone = "UIInterfaceOrientationPortrait UIInterfaceOrientationLandscapeLeft UIInterfaceOrientationLandscapeRight";
				LD_RUNPATH_SEARCH_PATHS = (
					"$(inherited)",
					"@executable_path/Frameworks",
				);
				MARKETING_VERSION = 1.0;
				PRODUCT_BUNDLE_IDENTIFIER = com.victorroldan.YouTubeClone;
				PRODUCT_NAME = "$(TARGET_NAME)";
				SWIFT_EMIT_LOC_STRINGS = YES;
				SWIFT_VERSION = 5.0;
				TARGETED_DEVICE_FAMILY = "1,2";
			};
			name = Debug;
		};
		8EC735EB27C2AA4400010A7E /* Release */ = {
			isa = XCBuildConfiguration;
			baseConfigurationReference = E72D03714E7C205B9D28F1DA /* Pods-YouTubeClone.release.xcconfig */;
			buildSettings = {
				ASSETCATALOG_COMPILER_APPICON_NAME = AppIcon;
				ASSETCATALOG_COMPILER_GLOBAL_ACCENT_COLOR_NAME = AccentColor;
				CODE_SIGN_STYLE = Automatic;
				CURRENT_PROJECT_VERSION = 1;
				DEVELOPMENT_TEAM = Z6247PH2JQ;
				GENERATE_INFOPLIST_FILE = YES;
				INFOPLIST_FILE = YouTubeClone/Info.plist;
				INFOPLIST_KEY_UIApplicationSupportsIndirectInputEvents = YES;
				INFOPLIST_KEY_UILaunchStoryboardName = LaunchScreen;
				INFOPLIST_KEY_UIMainStoryboardFile = Main;
				INFOPLIST_KEY_UISupportedInterfaceOrientations_iPad = "UIInterfaceOrientationPortrait UIInterfaceOrientationPortraitUpsideDown UIInterfaceOrientationLandscapeLeft UIInterfaceOrientationLandscapeRight";
				INFOPLIST_KEY_UISupportedInterfaceOrientations_iPhone = "UIInterfaceOrientationPortrait UIInterfaceOrientationLandscapeLeft UIInterfaceOrientationLandscapeRight";
				LD_RUNPATH_SEARCH_PATHS = (
					"$(inherited)",
					"@executable_path/Frameworks",
				);
				MARKETING_VERSION = 1.0;
				PRODUCT_BUNDLE_IDENTIFIER = com.victorroldan.YouTubeClone;
				PRODUCT_NAME = "$(TARGET_NAME)";
				SWIFT_EMIT_LOC_STRINGS = YES;
				SWIFT_VERSION = 5.0;
				TARGETED_DEVICE_FAMILY = "1,2";
			};
			name = Release;
		};
/* End XCBuildConfiguration section */

/* Begin XCConfigurationList section */
		8EC735D027C2AA4200010A7E /* Build configuration list for PBXProject "YouTubeClone" */ = {
			isa = XCConfigurationList;
			buildConfigurations = (
				8EC735E727C2AA4400010A7E /* Debug */,
				8EC735E827C2AA4400010A7E /* Release */,
			);
			defaultConfigurationIsVisible = 0;
			defaultConfigurationName = Release;
		};
		8EC735E927C2AA4400010A7E /* Build configuration list for PBXNativeTarget "YouTubeClone" */ = {
			isa = XCConfigurationList;
			buildConfigurations = (
				8EC735EA27C2AA4400010A7E /* Debug */,
				8EC735EB27C2AA4400010A7E /* Release */,
			);
			defaultConfigurationIsVisible = 0;
			defaultConfigurationName = Release;
		};
/* End XCConfigurationList section */
	};
	rootObject = 8EC735CD27C2AA4200010A7E /* Project object */;
}
