// !$*UTF8*$!
{
	archiveVersion = 1;
	classes = {
	};
	objectVersion = 55;
	objects = {

/* Begin PBXBuildFile section */
		1E38189425FDBC7082153B5C /* Pods_YouTubeClone.framework in Frameworks */ = {isa = PBXBuildFile; fileRef = 2BC3DC3A0B958A3878DE6044 /* Pods_YouTubeClone.framework */; };
		8E10A26F27D5669700FB3EE5 /* ChannelCell.swift in Sources */ = {isa = PBXBuildFile; fileRef = 8E10A26D27D5669700FB3EE5 /* ChannelCell.swift */; };
		8E10A27027D5669700FB3EE5 /* ChannelCell.xib in Resources */ = {isa = PBXBuildFile; fileRef = 8E10A26E27D5669700FB3EE5 /* ChannelCell.xib */; };
		8E10A27327D566BF00FB3EE5 /* VideoCell.swift in Sources */ = {isa = PBXBuildFile; fileRef = 8E10A27127D566BF00FB3EE5 /* VideoCell.swift */; };
		8E10A27427D566BF00FB3EE5 /* VideoCell.xib in Resources */ = {isa = PBXBuildFile; fileRef = 8E10A27227D566BF00FB3EE5 /* VideoCell.xib */; };
		8E10A27727D566CF00FB3EE5 /* PlaylistCell.swift in Sources */ = {isa = PBXBuildFile; fileRef = 8E10A27527D566CF00FB3EE5 /* PlaylistCell.swift */; };
		8E10A27827D566CF00FB3EE5 /* PlaylistCell.xib in Resources */ = {isa = PBXBuildFile; fileRef = 8E10A27627D566CF00FB3EE5 /* PlaylistCell.xib */; };
		8E2A89CE27C7461A00BD3187 /* RootPageViewController.swift in Sources */ = {isa = PBXBuildFile; fileRef = 8E2A89CD27C7461A00BD3187 /* RootPageViewController.swift */; };
		8E2A89D027C7463400BD3187 /* MainViewController.swift in Sources */ = {isa = PBXBuildFile; fileRef = 8E2A89CF27C7463400BD3187 /* MainViewController.swift */; };
		8E2A89D827C7475B00BD3187 /* HomeViewController.swift in Sources */ = {isa = PBXBuildFile; fileRef = 8E2A89D627C7475B00BD3187 /* HomeViewController.swift */; };
		8E2A89D927C7475B00BD3187 /* HomeViewController.xib in Resources */ = {isa = PBXBuildFile; fileRef = 8E2A89D727C7475B00BD3187 /* HomeViewController.xib */; };
		8E2A89DC27C7476B00BD3187 /* VideosViewController.swift in Sources */ = {isa = PBXBuildFile; fileRef = 8E2A89DA27C7476B00BD3187 /* VideosViewController.swift */; };
		8E2A89DD27C7476B00BD3187 /* VideosViewController.xib in Resources */ = {isa = PBXBuildFile; fileRef = 8E2A89DB27C7476B00BD3187 /* VideosViewController.xib */; };
		8E2A89E027C7477900BD3187 /* PlaylistsViewController.swift in Sources */ = {isa = PBXBuildFile; fileRef = 8E2A89DE27C7477900BD3187 /* PlaylistsViewController.swift */; };
		8E2A89E127C7477900BD3187 /* PlaylistsViewController.xib in Resources */ = {isa = PBXBuildFile; fileRef = 8E2A89DF27C7477900BD3187 /* PlaylistsViewController.xib */; };
		8E2A89E427C7478700BD3187 /* ChannelViewController.swift in Sources */ = {isa = PBXBuildFile; fileRef = 8E2A89E227C7478700BD3187 /* ChannelViewController.swift */; };
		8E2A89E527C7478700BD3187 /* ChannelViewController.xib in Resources */ = {isa = PBXBuildFile; fileRef = 8E2A89E327C7478700BD3187 /* ChannelViewController.xib */; };
		8E2A89E827C7479400BD3187 /* AboutViewController.swift in Sources */ = {isa = PBXBuildFile; fileRef = 8E2A89E627C7479400BD3187 /* AboutViewController.swift */; };
		8E2A89E927C7479400BD3187 /* AboutViewController.xib in Resources */ = {isa = PBXBuildFile; fileRef = 8E2A89E727C7479400BD3187 /* AboutViewController.xib */; };
		8E53D5DE27CB3CCC000E88D9 /* ServiceLayer.swift in Sources */ = {isa = PBXBuildFile; fileRef = 8E53D5DD27CB3CCC000E88D9 /* ServiceLayer.swift */; };
		8E53D5E027CB3CF7000E88D9 /* NetworkError.swift in Sources */ = {isa = PBXBuildFile; fileRef = 8E53D5DF27CB3CF7000E88D9 /* NetworkError.swift */; };
		8E53D5E227CB3D30000E88D9 /* RequestModel.swift in Sources */ = {isa = PBXBuildFile; fileRef = 8E53D5E127CB3D30000E88D9 /* RequestModel.swift */; };
		8E53D5E527CB3DB1000E88D9 /* Constants.swift in Sources */ = {isa = PBXBuildFile; fileRef = 8E53D5E427CB3DB1000E88D9 /* Constants.swift */; };
		8E53D5EB27CB40B4000E88D9 /* HomeProvider.swift in Sources */ = {isa = PBXBuildFile; fileRef = 8E53D5EA27CB40B4000E88D9 /* HomeProvider.swift */; };
		8E53D5ED27CB435F000E88D9 /* HomePresenter.swift in Sources */ = {isa = PBXBuildFile; fileRef = 8E53D5EC27CB435F000E88D9 /* HomePresenter.swift */; };
		8EB4FCBE27D3246800AF9598 /* HomeProviderMock.swift in Sources */ = {isa = PBXBuildFile; fileRef = 8EB4FCBD27D3246800AF9598 /* HomeProviderMock.swift */; };
		8EB4FCC127D324BD00AF9598 /* Utils.swift in Sources */ = {isa = PBXBuildFile; fileRef = 8EB4FCC027D324BD00AF9598 /* Utils.swift */; };
		8EB4FCC327D3263600AF9598 /* Channel.json in Resources */ = {isa = PBXBuildFile; fileRef = 8EB4FCC227D3263600AF9598 /* Channel.json */; };
		8EB4FCC527D3265C00AF9598 /* Playlists.json in Resources */ = {isa = PBXBuildFile; fileRef = 8EB4FCC427D3265C00AF9598 /* Playlists.json */; };
		8EB4FCC727D3267100AF9598 /* PlaylistItems.json in Resources */ = {isa = PBXBuildFile; fileRef = 8EB4FCC627D3267100AF9598 /* PlaylistItems.json */; };
		8EB4FCCB27D3288B00AF9598 /* SearchVideos.json in Resources */ = {isa = PBXBuildFile; fileRef = 8EB4FCCA27D3288B00AF9598 /* SearchVideos.json */; };
		8EB4FCCD27D329B700AF9598 /* VideoOnlyOne.json in Resources */ = {isa = PBXBuildFile; fileRef = 8EB4FCCC27D329B700AF9598 /* VideoOnlyOne.json */; };
		8EB4FCCF27D32D1A00AF9598 /* MockManager.swift in Sources */ = {isa = PBXBuildFile; fileRef = 8EB4FCCE27D32D1A00AF9598 /* MockManager.swift */; };
		8EC735D927C2AA4200010A7E /* AppDelegate.swift in Sources */ = {isa = PBXBuildFile; fileRef = 8EC735D827C2AA4200010A7E /* AppDelegate.swift */; };
		8EC735DB27C2AA4200010A7E /* SceneDelegate.swift in Sources */ = {isa = PBXBuildFile; fileRef = 8EC735DA27C2AA4200010A7E /* SceneDelegate.swift */; };
		8EC735DD27C2AA4200010A7E /* ViewController.swift in Sources */ = {isa = PBXBuildFile; fileRef = 8EC735DC27C2AA4200010A7E /* ViewController.swift */; };
		8EC735E027C2AA4200010A7E /* Main.storyboard in Resources */ = {isa = PBXBuildFile; fileRef = 8EC735DE27C2AA4200010A7E /* Main.storyboard */; };
		8EC735E227C2AA4400010A7E /* Assets.xcassets in Resources */ = {isa = PBXBuildFile; fileRef = 8EC735E127C2AA4400010A7E /* Assets.xcassets */; };
		8EC735E527C2AA4400010A7E /* LaunchScreen.storyboard in Resources */ = {isa = PBXBuildFile; fileRef = 8EC735E327C2AA4400010A7E /* LaunchScreen.storyboard */; };
		8EE245A727C5F124001165BF /* PlaylistModel.swift in Sources */ = {isa = PBXBuildFile; fileRef = 8EE245A627C5F124001165BF /* PlaylistModel.swift */; };
		8EE245A927C5F75B001165BF /* VideoModel.swift in Sources */ = {isa = PBXBuildFile; fileRef = 8EE245A827C5F75B001165BF /* VideoModel.swift */; };
		8EE245AB27C5FAAF001165BF /* PlaylistItemsModel.swift in Sources */ = {isa = PBXBuildFile; fileRef = 8EE245AA27C5FAAF001165BF /* PlaylistItemsModel.swift */; };
		8EE245AD27C5FAFA001165BF /* ChannelModel.swift in Sources */ = {isa = PBXBuildFile; fileRef = 8EE245AC27C5FAFA001165BF /* ChannelModel.swift */; };
/* End PBXBuildFile section */

/* Begin PBXFileReference section */
		2BC3DC3A0B958A3878DE6044 /* Pods_YouTubeClone.framework */ = {isa = PBXFileReference; explicitFileType = wrapper.framework; includeInIndex = 0; path = Pods_YouTubeClone.framework; sourceTree = BUILT_PRODUCTS_DIR; };
		8E10A26D27D5669700FB3EE5 /* ChannelCell.swift */ = {isa = PBXFileReference; lastKnownFileType = sourcecode.swift; path = ChannelCell.swift; sourceTree = "<group>"; };
		8E10A26E27D5669700FB3EE5 /* ChannelCell.xib */ = {isa = PBXFileReference; lastKnownFileType = file.xib; path = ChannelCell.xib; sourceTree = "<group>"; };
		8E10A27127D566BF00FB3EE5 /* VideoCell.swift */ = {isa = PBXFileReference; lastKnownFileType = sourcecode.swift; path = VideoCell.swift; sourceTree = "<group>"; };
		8E10A27227D566BF00FB3EE5 /* VideoCell.xib */ = {isa = PBXFileReference; lastKnownFileType = file.xib; path = VideoCell.xib; sourceTree = "<group>"; };
		8E10A27527D566CF00FB3EE5 /* PlaylistCell.swift */ = {isa = PBXFileReference; lastKnownFileType = sourcecode.swift; path = PlaylistCell.swift; sourceTree = "<group>"; };
		8E10A27627D566CF00FB3EE5 /* PlaylistCell.xib */ = {isa = PBXFileReference; lastKnownFileType = file.xib; path = PlaylistCell.xib; sourceTree = "<group>"; };
		8E2A89CD27C7461A00BD3187 /* RootPageViewController.swift */ = {isa = PBXFileReference; lastKnownFileType = sourcecode.swift; path = RootPageViewController.swift; sourceTree = "<group>"; };
		8E2A89CF27C7463400BD3187 /* MainViewController.swift */ = {isa = PBXFileReference; lastKnownFileType = sourcecode.swift; path = MainViewController.swift; sourceTree = "<group>"; };
		8E2A89D627C7475B00BD3187 /* HomeViewController.swift */ = {isa = PBXFileReference; lastKnownFileType = sourcecode.swift; path = HomeViewController.swift; sourceTree = "<group>"; };
		8E2A89D727C7475B00BD3187 /* HomeViewController.xib */ = {isa = PBXFileReference; lastKnownFileType = file.xib; path = HomeViewController.xib; sourceTree = "<group>"; };
		8E2A89DA27C7476B00BD3187 /* VideosViewController.swift */ = {isa = PBXFileReference; lastKnownFileType = sourcecode.swift; path = VideosViewController.swift; sourceTree = "<group>"; };
		8E2A89DB27C7476B00BD3187 /* VideosViewController.xib */ = {isa = PBXFileReference; lastKnownFileType = file.xib; path = VideosViewController.xib; sourceTree = "<group>"; };
		8E2A89DE27C7477900BD3187 /* PlaylistsViewController.swift */ = {isa = PBXFileReference; lastKnownFileType = sourcecode.swift; path = PlaylistsViewController.swift; sourceTree = "<group>"; };
		8E2A89DF27C7477900BD3187 /* PlaylistsViewController.xib */ = {isa = PBXFileReference; lastKnownFileType = file.xib; path = PlaylistsViewController.xib; sourceTree = "<group>"; };
		8E2A89E227C7478700BD3187 /* ChannelViewController.swift */ = {isa = PBXFileReference; lastKnownFileType = sourcecode.swift; path = ChannelViewController.swift; sourceTree = "<group>"; };
		8E2A89E327C7478700BD3187 /* ChannelViewController.xib */ = {isa = PBXFileReference; lastKnownFileType = file.xib; path = ChannelViewController.xib; sourceTree = "<group>"; };
		8E2A89E627C7479400BD3187 /* AboutViewController.swift */ = {isa = PBXFileReference; lastKnownFileType = sourcecode.swift; path = AboutViewController.swift; sourceTree = "<group>"; };
		8E2A89E727C7479400BD3187 /* AboutViewController.xib */ = {isa = PBXFileReference; lastKnownFileType = file.xib; path = AboutViewController.xib; sourceTree = "<group>"; };
		8E53D5DD27CB3CCC000E88D9 /* ServiceLayer.swift */ = {isa = PBXFileReference; lastKnownFileType = sourcecode.swift; path = ServiceLayer.swift; sourceTree = "<group>"; };
		8E53D5DF27CB3CF7000E88D9 /* NetworkError.swift */ = {isa = PBXFileReference; lastKnownFileType = sourcecode.swift; path = NetworkError.swift; sourceTree = "<group>"; };
		8E53D5E127CB3D30000E88D9 /* RequestModel.swift */ = {isa = PBXFileReference; lastKnownFileType = sourcecode.swift; path = RequestModel.swift; sourceTree = "<group>"; };
		8E53D5E427CB3DB1000E88D9 /* Constants.swift */ = {isa = PBXFileReference; lastKnownFileType = sourcecode.swift; path = Constants.swift; sourceTree = "<group>"; };
		8E53D5EA27CB40B4000E88D9 /* HomeProvider.swift */ = {isa = PBXFileReference; lastKnownFileType = sourcecode.swift; path = HomeProvider.swift; sourceTree = "<group>"; };
		8E53D5EC27CB435F000E88D9 /* HomePresenter.swift */ = {isa = PBXFileReference; lastKnownFileType = sourcecode.swift; path = HomePresenter.swift; sourceTree = "<group>"; };
		8EB4FCBD27D3246800AF9598 /* HomeProviderMock.swift */ = {isa = PBXFileReference; lastKnownFileType = sourcecode.swift; path = HomeProviderMock.swift; sourceTree = "<group>"; };
		8EB4FCC027D324BD00AF9598 /* Utils.swift */ = {isa = PBXFileReference; lastKnownFileType = sourcecode.swift; path = Utils.swift; sourceTree = "<group>"; };
		8EB4FCC227D3263600AF9598 /* Channel.json */ = {isa = PBXFileReference; lastKnownFileType = text.json; path = Channel.json; sourceTree = "<group>"; };
		8EB4FCC427D3265C00AF9598 /* Playlists.json */ = {isa = PBXFileReference; lastKnownFileType = text.json; path = Playlists.json; sourceTree = "<group>"; };
		8EB4FCC627D3267100AF9598 /* PlaylistItems.json */ = {isa = PBXFileReference; lastKnownFileType = text.json; path = PlaylistItems.json; sourceTree = "<group>"; };
		8EB4FCCA27D3288B00AF9598 /* SearchVideos.json */ = {isa = PBXFileReference; lastKnownFileType = text.json; path = SearchVideos.json; sourceTree = "<group>"; };
		8EB4FCCC27D329B700AF9598 /* VideoOnlyOne.json */ = {isa = PBXFileReference; lastKnownFileType = text.json; path = VideoOnlyOne.json; sourceTree = "<group>"; };
		8EB4FCCE27D32D1A00AF9598 /* MockManager.swift */ = {isa = PBXFileReference; lastKnownFileType = sourcecode.swift; path = MockManager.swift; sourceTree = "<group>"; };
		8EC735D527C2AA4200010A7E /* YouTubeClone.app */ = {isa = PBXFileReference; explicitFileType = wrapper.application; includeInIndex = 0; path = YouTubeClone.app; sourceTree = BUILT_PRODUCTS_DIR; };
		8EC735D827C2AA4200010A7E /* AppDelegate.swift */ = {isa = PBXFileReference; lastKnownFileType = sourcecode.swift; path = AppDelegate.swift; sourceTree = "<group>"; };
		8EC735DA27C2AA4200010A7E /* SceneDelegate.swift */ = {isa = PBXFileReference; lastKnownFileType = sourcecode.swift; path = SceneDelegate.swift; sourceTree = "<group>"; };
		8EC735DC27C2AA4200010A7E /* ViewController.swift */ = {isa = PBXFileReference; lastKnownFileType = sourcecode.swift; path = ViewController.swift; sourceTree = "<group>"; };
		8EC735DF27C2AA4200010A7E /* Base */ = {isa = PBXFileReference; lastKnownFileType = file.storyboard; name = Base; path = Base.lproj/Main.storyboard; sourceTree = "<group>"; };
		8EC735E127C2AA4400010A7E /* Assets.xcassets */ = {isa = PBXFileReference; lastKnownFileType = folder.assetcatalog; path = Assets.xcassets; sourceTree = "<group>"; };
		8EC735E427C2AA4400010A7E /* Base */ = {isa = PBXFileReference; lastKnownFileType = file.storyboard; name = Base; path = Base.lproj/LaunchScreen.storyboard; sourceTree = "<group>"; };
		8EC735E627C2AA4400010A7E /* Info.plist */ = {isa = PBXFileReference; lastKnownFileType = text.plist.xml; path = Info.plist; sourceTree = "<group>"; };
		8EE245A627C5F124001165BF /* PlaylistModel.swift */ = {isa = PBXFileReference; lastKnownFileType = sourcecode.swift; path = PlaylistModel.swift; sourceTree = "<group>"; };
		8EE245A827C5F75B001165BF /* VideoModel.swift */ = {isa = PBXFileReference; lastKnownFileType = sourcecode.swift; path = VideoModel.swift; sourceTree = "<group>"; };
		8EE245AA27C5FAAF001165BF /* PlaylistItemsModel.swift */ = {isa = PBXFileReference; lastKnownFileType = sourcecode.swift; path = PlaylistItemsModel.swift; sourceTree = "<group>"; };
		8EE245AC27C5FAFA001165BF /* ChannelModel.swift */ = {isa = PBXFileReference; lastKnownFileType = sourcecode.swift; path = ChannelModel.swift; sourceTree = "<group>"; };
		A099A7B7046FC80FD166D3BA /* Pods-YouTubeClone.debug.xcconfig */ = {isa = PBXFileReference; includeInIndex = 1; lastKnownFileType = text.xcconfig; name = "Pods-YouTubeClone.debug.xcconfig"; path = "Target Support Files/Pods-YouTubeClone/Pods-YouTubeClone.debug.xcconfig"; sourceTree = "<group>"; };
		EAEE9AA3C1D83FE1BAE8728D /* Pods-YouTubeClone.release.xcconfig */ = {isa = PBXFileReference; includeInIndex = 1; lastKnownFileType = text.xcconfig; name = "Pods-YouTubeClone.release.xcconfig"; path = "Target Support Files/Pods-YouTubeClone/Pods-YouTubeClone.release.xcconfig"; sourceTree = "<group>"; };
/* End PBXFileReference section */

/* Begin PBXFrameworksBuildPhase section */
		8EC735D227C2AA4200010A7E /* Frameworks */ = {
			isa = PBXFrameworksBuildPhase;
			buildActionMask = 2147483647;
			files = (
				1E38189425FDBC7082153B5C /* Pods_YouTubeClone.framework in Frameworks */,
			);
			runOnlyForDeploymentPostprocessing = 0;
		};
/* End PBXFrameworksBuildPhase section */

/* Begin PBXGroup section */
		074234BCD6436E5D8EF77A01 /* Frameworks */ = {
			isa = PBXGroup;
			children = (
				2BC3DC3A0B958A3878DE6044 /* Pods_YouTubeClone.framework */,
			);
			name = Frameworks;
			sourceTree = "<group>";
		};
		8D8A6700A16AAACE9526EB67 /* Pods */ = {
			isa = PBXGroup;
			children = (
				A099A7B7046FC80FD166D3BA /* Pods-YouTubeClone.debug.xcconfig */,
				EAEE9AA3C1D83FE1BAE8728D /* Pods-YouTubeClone.release.xcconfig */,
			);
			name = Pods;
			path = Pods;
			sourceTree = "<group>";
		};
		8E10A26C27D5666500FB3EE5 /* CustomCells */ = {
			isa = PBXGroup;
			children = (
				8E10A26D27D5669700FB3EE5 /* ChannelCell.swift */,
				8E10A26E27D5669700FB3EE5 /* ChannelCell.xib */,
				8E10A27127D566BF00FB3EE5 /* VideoCell.swift */,
				8E10A27227D566BF00FB3EE5 /* VideoCell.xib */,
				8E10A27527D566CF00FB3EE5 /* PlaylistCell.swift */,
				8E10A27627D566CF00FB3EE5 /* PlaylistCell.xib */,
			);
			path = CustomCells;
			sourceTree = "<group>";
		};
		8E2A89CC27C745FA00BD3187 /* Main */ = {
			isa = PBXGroup;
			children = (
				8E2A89CD27C7461A00BD3187 /* RootPageViewController.swift */,
				8E2A89CF27C7463400BD3187 /* MainViewController.swift */,
			);
			path = Main;
			sourceTree = "<group>";
		};
		8E2A89D127C746F900BD3187 /* Home */ = {
			isa = PBXGroup;
			children = (
				8E53D5E827CB4095000E88D9 /* Presenter */,
				8E53D5E727CB408C000E88D9 /* View */,
				8E53D5E627CB4085000E88D9 /* Model */,
			);
			path = Home;
			sourceTree = "<group>";
		};
		8E2A89D227C7470D00BD3187 /* Videos */ = {
			isa = PBXGroup;
			children = (
				8E2A89DA27C7476B00BD3187 /* VideosViewController.swift */,
				8E2A89DB27C7476B00BD3187 /* VideosViewController.xib */,
			);
			path = Videos;
			sourceTree = "<group>";
		};
		8E2A89D327C7471400BD3187 /* Playlists */ = {
			isa = PBXGroup;
			children = (
				8E2A89DE27C7477900BD3187 /* PlaylistsViewController.swift */,
				8E2A89DF27C7477900BD3187 /* PlaylistsViewController.xib */,
			);
			path = Playlists;
			sourceTree = "<group>";
		};
		8E2A89D427C7472400BD3187 /* Channels */ = {
			isa = PBXGroup;
			children = (
				8E2A89E227C7478700BD3187 /* ChannelViewController.swift */,
				8E2A89E327C7478700BD3187 /* ChannelViewController.xib */,
			);
			path = Channels;
			sourceTree = "<group>";
		};
		8E2A89D527C7472A00BD3187 /* About */ = {
			isa = PBXGroup;
			children = (
				8E2A89E627C7479400BD3187 /* AboutViewController.swift */,
				8E2A89E727C7479400BD3187 /* AboutViewController.xib */,
			);
			path = About;
			sourceTree = "<group>";
		};
		8E53D5DC27CB3C90000E88D9 /* ServiceLayer */ = {
			isa = PBXGroup;
			children = (
				8E53D5DD27CB3CCC000E88D9 /* ServiceLayer.swift */,
				8E53D5DF27CB3CF7000E88D9 /* NetworkError.swift */,
				8E53D5E127CB3D30000E88D9 /* RequestModel.swift */,
			);
			path = ServiceLayer;
			sourceTree = "<group>";
		};
		8E53D5E327CB3D7F000E88D9 /* Utils */ = {
			isa = PBXGroup;
			children = (
				8EB4FCBF27D324A800AF9598 /* Mock */,
				8E53D5E427CB3DB1000E88D9 /* Constants.swift */,
				8EB4FCC027D324BD00AF9598 /* Utils.swift */,
				8EB4FCCE27D32D1A00AF9598 /* MockManager.swift */,
			);
			path = Utils;
			sourceTree = "<group>";
		};
		8E53D5E627CB4085000E88D9 /* Model */ = {
			isa = PBXGroup;
			children = (
				8E53D5E927CB40A3000E88D9 /* Provider */,
			);
			path = Model;
			sourceTree = "<group>";
		};
		8E53D5E727CB408C000E88D9 /* View */ = {
			isa = PBXGroup;
			children = (
				8E10A26C27D5666500FB3EE5 /* CustomCells */,
				8E2A89D627C7475B00BD3187 /* HomeViewController.swift */,
				8E2A89D727C7475B00BD3187 /* HomeViewController.xib */,
			);
			path = View;
			sourceTree = "<group>";
		};
		8E53D5E827CB4095000E88D9 /* Presenter */ = {
			isa = PBXGroup;
			children = (
				8E53D5EC27CB435F000E88D9 /* HomePresenter.swift */,
			);
			path = Presenter;
			sourceTree = "<group>";
		};
		8E53D5E927CB40A3000E88D9 /* Provider */ = {
			isa = PBXGroup;
			children = (
				8E53D5EA27CB40B4000E88D9 /* HomeProvider.swift */,
				8EB4FCBD27D3246800AF9598 /* HomeProviderMock.swift */,
			);
			path = Provider;
			sourceTree = "<group>";
		};
		8EB4FCBF27D324A800AF9598 /* Mock */ = {
			isa = PBXGroup;
			children = (
				8EB4FCC227D3263600AF9598 /* Channel.json */,
				8EB4FCC427D3265C00AF9598 /* Playlists.json */,
				8EB4FCC627D3267100AF9598 /* PlaylistItems.json */,
				8EB4FCCA27D3288B00AF9598 /* SearchVideos.json */,
				8EB4FCCC27D329B700AF9598 /* VideoOnlyOne.json */,
			);
			path = Mock;
			sourceTree = "<group>";
		};
		8EC735CC27C2AA4200010A7E = {
			isa = PBXGroup;
			children = (
				8EC735D727C2AA4200010A7E /* YouTubeClone */,
				8EC735D627C2AA4200010A7E /* Products */,
				8D8A6700A16AAACE9526EB67 /* Pods */,
				074234BCD6436E5D8EF77A01 /* Frameworks */,
			);
			sourceTree = "<group>";
		};
		8EC735D627C2AA4200010A7E /* Products */ = {
			isa = PBXGroup;
			children = (
				8EC735D527C2AA4200010A7E /* YouTubeClone.app */,
			);
			name = Products;
			sourceTree = "<group>";
		};
		8EC735D727C2AA4200010A7E /* YouTubeClone */ = {
			isa = PBXGroup;
			children = (
				8E53D5E327CB3D7F000E88D9 /* Utils */,
				8E53D5DC27CB3C90000E88D9 /* ServiceLayer */,
				8E2A89D527C7472A00BD3187 /* About */,
				8E2A89D427C7472400BD3187 /* Channels */,
				8E2A89D327C7471400BD3187 /* Playlists */,
				8E2A89D227C7470D00BD3187 /* Videos */,
				8E2A89D127C746F900BD3187 /* Home */,
				8E2A89CC27C745FA00BD3187 /* Main */,
				8EE245A527C5F0F8001165BF /* Model */,
				8EC735D827C2AA4200010A7E /* AppDelegate.swift */,
				8EC735DA27C2AA4200010A7E /* SceneDelegate.swift */,
				8EC735DC27C2AA4200010A7E /* ViewController.swift */,
				8EC735DE27C2AA4200010A7E /* Main.storyboard */,
				8EC735E127C2AA4400010A7E /* Assets.xcassets */,
				8EC735E327C2AA4400010A7E /* LaunchScreen.storyboard */,
				8EC735E627C2AA4400010A7E /* Info.plist */,
			);
			path = YouTubeClone;
			sourceTree = "<group>";
		};
		8EE245A527C5F0F8001165BF /* Model */ = {
			isa = PBXGroup;
			children = (
				8EE245A627C5F124001165BF /* PlaylistModel.swift */,
				8EE245A827C5F75B001165BF /* VideoModel.swift */,
				8EE245AA27C5FAAF001165BF /* PlaylistItemsModel.swift */,
				8EE245AC27C5FAFA001165BF /* ChannelModel.swift */,
			);
			path = Model;
			sourceTree = "<group>";
		};
/* End PBXGroup section */

/* Begin PBXNativeTarget section */
		8EC735D427C2AA4200010A7E /* YouTubeClone */ = {
			isa = PBXNativeTarget;
			buildConfigurationList = 8EC735E927C2AA4400010A7E /* Build configuration list for PBXNativeTarget "YouTubeClone" */;
			buildPhases = (
				1AAEC7256B795E741F2DF45A /* [CP] Check Pods Manifest.lock */,
				8EC735D127C2AA4200010A7E /* Sources */,
				8EC735D227C2AA4200010A7E /* Frameworks */,
				8EC735D327C2AA4200010A7E /* Resources */,
				901A30285E42CAB2FD0A9C9D /* [CP] Embed Pods Frameworks */,
			);
			buildRules = (
			);
			dependencies = (
			);
			name = YouTubeClone;
			productName = YouTubeClone;
			productReference = 8EC735D527C2AA4200010A7E /* YouTubeClone.app */;
			productType = "com.apple.product-type.application";
		};
/* End PBXNativeTarget section */

/* Begin PBXProject section */
		8EC735CD27C2AA4200010A7E /* Project object */ = {
			isa = PBXProject;
			attributes = {
				BuildIndependentTargetsInParallel = 1;
				LastSwiftUpdateCheck = 1320;
				LastUpgradeCheck = 1320;
				TargetAttributes = {
					8EC735D427C2AA4200010A7E = {
						CreatedOnToolsVersion = 13.2.1;
					};
				};
			};
			buildConfigurationList = 8EC735D027C2AA4200010A7E /* Build configuration list for PBXProject "YouTubeClone" */;
			compatibilityVersion = "Xcode 13.0";
			developmentRegion = en;
			hasScannedForEncodings = 0;
			knownRegions = (
				en,
				Base,
			);
			mainGroup = 8EC735CC27C2AA4200010A7E;
			productRefGroup = 8EC735D627C2AA4200010A7E /* Products */;
			projectDirPath = "";
			projectRoot = "";
			targets = (
				8EC735D427C2AA4200010A7E /* YouTubeClone */,
			);
		};
/* End PBXProject section */

/* Begin PBXResourcesBuildPhase section */
		8EC735D327C2AA4200010A7E /* Resources */ = {
			isa = PBXResourcesBuildPhase;
			buildActionMask = 2147483647;
			files = (
				8E10A27427D566BF00FB3EE5 /* VideoCell.xib in Resources */,
				8E2A89E127C7477900BD3187 /* PlaylistsViewController.xib in Resources */,
				8EB4FCCB27D3288B00AF9598 /* SearchVideos.json in Resources */,
				8E10A27827D566CF00FB3EE5 /* PlaylistCell.xib in Resources */,
				8EB4FCC327D3263600AF9598 /* Channel.json in Resources */,
				8EC735E527C2AA4400010A7E /* LaunchScreen.storyboard in Resources */,
				8EB4FCC727D3267100AF9598 /* PlaylistItems.json in Resources */,
				8E2A89E927C7479400BD3187 /* AboutViewController.xib in Resources */,
				8EB4FCCD27D329B700AF9598 /* VideoOnlyOne.json in Resources */,
				8EC735E227C2AA4400010A7E /* Assets.xcassets in Resources */,
				8E2A89DD27C7476B00BD3187 /* VideosViewController.xib in Resources */,
				8E10A27027D5669700FB3EE5 /* ChannelCell.xib in Resources */,
				8EC735E027C2AA4200010A7E /* Main.storyboard in Resources */,
				8E2A89D927C7475B00BD3187 /* HomeViewController.xib in Resources */,
				8E2A89E527C7478700BD3187 /* ChannelViewController.xib in Resources */,
				8EB4FCC527D3265C00AF9598 /* Playlists.json in Resources */,
			);
			runOnlyForDeploymentPostprocessing = 0;
		};
/* End PBXResourcesBuildPhase section */

/* Begin PBXShellScriptBuildPhase section */
		1AAEC7256B795E741F2DF45A /* [CP] Check Pods Manifest.lock */ = {
			isa = PBXShellScriptBuildPhase;
			buildActionMask = 2147483647;
			files = (
			);
			inputFileListPaths = (
			);
			inputPaths = (
				"${PODS_PODFILE_DIR_PATH}/Podfile.lock",
				"${PODS_ROOT}/Manifest.lock",
			);
			name = "[CP] Check Pods Manifest.lock";
			outputFileListPaths = (
			);
			outputPaths = (
				"$(DERIVED_FILE_DIR)/Pods-YouTubeClone-checkManifestLockResult.txt",
			);
			runOnlyForDeploymentPostprocessing = 0;
			shellPath = /bin/sh;
			shellScript = "diff \"${PODS_PODFILE_DIR_PATH}/Podfile.lock\" \"${PODS_ROOT}/Manifest.lock\" > /dev/null\nif [ $? != 0 ] ; then\n    # print error to STDERR\n    echo \"error: The sandbox is not in sync with the Podfile.lock. Run 'pod install' or update your CocoaPods installation.\" >&2\n    exit 1\nfi\n# This output is used by Xcode 'outputs' to avoid re-running this script phase.\necho \"SUCCESS\" > \"${SCRIPT_OUTPUT_FILE_0}\"\n";
			showEnvVarsInLog = 0;
		};
		901A30285E42CAB2FD0A9C9D /* [CP] Embed Pods Frameworks */ = {
			isa = PBXShellScriptBuildPhase;
			buildActionMask = 2147483647;
			files = (
			);
			inputFileListPaths = (
				"${PODS_ROOT}/Target Support Files/Pods-YouTubeClone/Pods-YouTubeClone-frameworks-${CONFIGURATION}-input-files.xcfilelist",
			);
			name = "[CP] Embed Pods Frameworks";
			outputFileListPaths = (
				"${PODS_ROOT}/Target Support Files/Pods-YouTubeClone/Pods-YouTubeClone-frameworks-${CONFIGURATION}-output-files.xcfilelist",
			);
			runOnlyForDeploymentPostprocessing = 0;
			shellPath = /bin/sh;
			shellScript = "\"${PODS_ROOT}/Target Support Files/Pods-YouTubeClone/Pods-YouTubeClone-frameworks.sh\"\n";
			showEnvVarsInLog = 0;
		};
/* End PBXShellScriptBuildPhase section */

/* Begin PBXSourcesBuildPhase section */
		8EC735D127C2AA4200010A7E /* Sources */ = {
			isa = PBXSourcesBuildPhase;
			buildActionMask = 2147483647;
			files = (
				8EE245AB27C5FAAF001165BF /* PlaylistItemsModel.swift in Sources */,
				8E53D5E027CB3CF7000E88D9 /* NetworkError.swift in Sources */,
				8EC735DD27C2AA4200010A7E /* ViewController.swift in Sources */,
				8E53D5ED27CB435F000E88D9 /* HomePresenter.swift in Sources */,
				8E2A89DC27C7476B00BD3187 /* VideosViewController.swift in Sources */,
				8E10A27327D566BF00FB3EE5 /* VideoCell.swift in Sources */,
				8EE245A727C5F124001165BF /* PlaylistModel.swift in Sources */,
				8EB4FCBE27D3246800AF9598 /* HomeProviderMock.swift in Sources */,
				8EB4FCC127D324BD00AF9598 /* Utils.swift in Sources */,
				8E2A89E027C7477900BD3187 /* PlaylistsViewController.swift in Sources */,
				8E53D5E227CB3D30000E88D9 /* RequestModel.swift in Sources */,
				8E10A27727D566CF00FB3EE5 /* PlaylistCell.swift in Sources */,
				8E2A89E427C7478700BD3187 /* ChannelViewController.swift in Sources */,
				8EB4FCCF27D32D1A00AF9598 /* MockManager.swift in Sources */,
				8EC735D927C2AA4200010A7E /* AppDelegate.swift in Sources */,
				8E10A26F27D5669700FB3EE5 /* ChannelCell.swift in Sources */,
				8EE245A927C5F75B001165BF /* VideoModel.swift in Sources */,
				8E2A89D827C7475B00BD3187 /* HomeViewController.swift in Sources */,
				8E53D5EB27CB40B4000E88D9 /* HomeProvider.swift in Sources */,
				8EC735DB27C2AA4200010A7E /* SceneDelegate.swift in Sources */,
				8E53D5DE27CB3CCC000E88D9 /* ServiceLayer.swift in Sources */,
				8E2A89E827C7479400BD3187 /* AboutViewController.swift in Sources */,
				8E2A89D027C7463400BD3187 /* MainViewController.swift in Sources */,
				8EE245AD27C5FAFA001165BF /* ChannelModel.swift in Sources */,
				8E2A89CE27C7461A00BD3187 /* RootPageViewController.swift in Sources */,
				8E53D5E527CB3DB1000E88D9 /* Constants.swift in Sources */,
			);
			runOnlyForDeploymentPostprocessing = 0;
		};
/* End PBXSourcesBuildPhase section */

/* Begin PBXVariantGroup section */
		8EC735DE27C2AA4200010A7E /* Main.storyboard */ = {
			isa = PBXVariantGroup;
			children = (
				8EC735DF27C2AA4200010A7E /* Base */,
			);
			name = Main.storyboard;
			sourceTree = "<group>";
		};
		8EC735E327C2AA4400010A7E /* LaunchScreen.storyboard */ = {
			isa = PBXVariantGroup;
			children = (
				8EC735E427C2AA4400010A7E /* Base */,
			);
			name = LaunchScreen.storyboard;
			sourceTree = "<group>";
		};
/* End PBXVariantGroup section */

/* Begin XCBuildConfiguration section */
		8EC735E727C2AA4400010A7E /* Debug */ = {
			isa = XCBuildConfiguration;
			buildSettings = {
				ALWAYS_SEARCH_USER_PATHS = NO;
				CLANG_ANALYZER_NONNULL = YES;
				CLANG_ANALYZER_NUMBER_OBJECT_CONVERSION = YES_AGGRESSIVE;
				CLANG_CXX_LANGUAGE_STANDARD = "gnu++17";
				CLANG_CXX_LIBRARY = "libc++";
				CLANG_ENABLE_MODULES = YES;
				CLANG_ENABLE_OBJC_ARC = YES;
				CLANG_ENABLE_OBJC_WEAK = YES;
				CLANG_WARN_BLOCK_CAPTURE_AUTORELEASING = YES;
				CLANG_WARN_BOOL_CONVERSION = YES;
				CLANG_WARN_COMMA = YES;
				CLANG_WARN_CONSTANT_CONVERSION = YES;
				CLANG_WARN_DEPRECATED_OBJC_IMPLEMENTATIONS = YES;
				CLANG_WARN_DIRECT_OBJC_ISA_USAGE = YES_ERROR;
				CLANG_WARN_DOCUMENTATION_COMMENTS = YES;
				CLANG_WARN_EMPTY_BODY = YES;
				CLANG_WARN_ENUM_CONVERSION = YES;
				CLANG_WARN_INFINITE_RECURSION = YES;
				CLANG_WARN_INT_CONVERSION = YES;
				CLANG_WARN_NON_LITERAL_NULL_CONVERSION = YES;
				CLANG_WARN_OBJC_IMPLICIT_RETAIN_SELF = YES;
				CLANG_WARN_OBJC_LITERAL_CONVERSION = YES;
				CLANG_WARN_OBJC_ROOT_CLASS = YES_ERROR;
				CLANG_WARN_QUOTED_INCLUDE_IN_FRAMEWORK_HEADER = YES;
				CLANG_WARN_RANGE_LOOP_ANALYSIS = YES;
				CLANG_WARN_STRICT_PROTOTYPES = YES;
				CLANG_WARN_SUSPICIOUS_MOVE = YES;
				CLANG_WARN_UNGUARDED_AVAILABILITY = YES_AGGRESSIVE;
				CLANG_WARN_UNREACHABLE_CODE = YES;
				CLANG_WARN__DUPLICATE_METHOD_MATCH = YES;
				COPY_PHASE_STRIP = NO;
				DEBUG_INFORMATION_FORMAT = dwarf;
				ENABLE_STRICT_OBJC_MSGSEND = YES;
				ENABLE_TESTABILITY = YES;
				GCC_C_LANGUAGE_STANDARD = gnu11;
				GCC_DYNAMIC_NO_PIC = NO;
				GCC_NO_COMMON_BLOCKS = YES;
				GCC_OPTIMIZATION_LEVEL = 0;
				GCC_PREPROCESSOR_DEFINITIONS = (
					"DEBUG=1",
					"$(inherited)",
				);
				GCC_WARN_64_TO_32_BIT_CONVERSION = YES;
				GCC_WARN_ABOUT_RETURN_TYPE = YES_ERROR;
				GCC_WARN_UNDECLARED_SELECTOR = YES;
				GCC_WARN_UNINITIALIZED_AUTOS = YES_AGGRESSIVE;
				GCC_WARN_UNUSED_FUNCTION = YES;
				GCC_WARN_UNUSED_VARIABLE = YES;
				IPHONEOS_DEPLOYMENT_TARGET = 15.2;
				MTL_ENABLE_DEBUG_INFO = INCLUDE_SOURCE;
				MTL_FAST_MATH = YES;
				ONLY_ACTIVE_ARCH = YES;
				SDKROOT = iphoneos;
				SWIFT_ACTIVE_COMPILATION_CONDITIONS = DEBUG;
				SWIFT_OPTIMIZATION_LEVEL = "-Onone";
			};
			name = Debug;
		};
		8EC735E827C2AA4400010A7E /* Release */ = {
			isa = XCBuildConfiguration;
			buildSettings = {
				ALWAYS_SEARCH_USER_PATHS = NO;
				CLANG_ANALYZER_NONNULL = YES;
				CLANG_ANALYZER_NUMBER_OBJECT_CONVERSION = YES_AGGRESSIVE;
				CLANG_CXX_LANGUAGE_STANDARD = "gnu++17";
				CLANG_CXX_LIBRARY = "libc++";
				CLANG_ENABLE_MODULES = YES;
				CLANG_ENABLE_OBJC_ARC = YES;
				CLANG_ENABLE_OBJC_WEAK = YES;
				CLANG_WARN_BLOCK_CAPTURE_AUTORELEASING = YES;
				CLANG_WARN_BOOL_CONVERSION = YES;
				CLANG_WARN_COMMA = YES;
				CLANG_WARN_CONSTANT_CONVERSION = YES;
				CLANG_WARN_DEPRECATED_OBJC_IMPLEMENTATIONS = YES;
				CLANG_WARN_DIRECT_OBJC_ISA_USAGE = YES_ERROR;
				CLANG_WARN_DOCUMENTATION_COMMENTS = YES;
				CLANG_WARN_EMPTY_BODY = YES;
				CLANG_WARN_ENUM_CONVERSION = YES;
				CLANG_WARN_INFINITE_RECURSION = YES;
				CLANG_WARN_INT_CONVERSION = YES;
				CLANG_WARN_NON_LITERAL_NULL_CONVERSION = YES;
				CLANG_WARN_OBJC_IMPLICIT_RETAIN_SELF = YES;
				CLANG_WARN_OBJC_LITERAL_CONVERSION = YES;
				CLANG_WARN_OBJC_ROOT_CLASS = YES_ERROR;
				CLANG_WARN_QUOTED_INCLUDE_IN_FRAMEWORK_HEADER = YES;
				CLANG_WARN_RANGE_LOOP_ANALYSIS = YES;
				CLANG_WARN_STRICT_PROTOTYPES = YES;
				CLANG_WARN_SUSPICIOUS_MOVE = YES;
				CLANG_WARN_UNGUARDED_AVAILABILITY = YES_AGGRESSIVE;
				CLANG_WARN_UNREACHABLE_CODE = YES;
				CLANG_WARN__DUPLICATE_METHOD_MATCH = YES;
				COPY_PHASE_STRIP = NO;
				DEBUG_INFORMATION_FORMAT = "dwarf-with-dsym";
				ENABLE_NS_ASSERTIONS = NO;
				ENABLE_STRICT_OBJC_MSGSEND = YES;
				GCC_C_LANGUAGE_STANDARD = gnu11;
				GCC_NO_COMMON_BLOCKS = YES;
				GCC_WARN_64_TO_32_BIT_CONVERSION = YES;
				GCC_WARN_ABOUT_RETURN_TYPE = YES_ERROR;
				GCC_WARN_UNDECLARED_SELECTOR = YES;
				GCC_WARN_UNINITIALIZED_AUTOS = YES_AGGRESSIVE;
				GCC_WARN_UNUSED_FUNCTION = YES;
				GCC_WARN_UNUSED_VARIABLE = YES;
				IPHONEOS_DEPLOYMENT_TARGET = 15.2;
				MTL_ENABLE_DEBUG_INFO = NO;
				MTL_FAST_MATH = YES;
				SDKROOT = iphoneos;
				SWIFT_COMPILATION_MODE = wholemodule;
				SWIFT_OPTIMIZATION_LEVEL = "-O";
				VALIDATE_PRODUCT = YES;
			};
			name = Release;
		};
		8EC735EA27C2AA4400010A7E /* Debug */ = {
			isa = XCBuildConfiguration;
			baseConfigurationReference = A099A7B7046FC80FD166D3BA /* Pods-YouTubeClone.debug.xcconfig */;
			buildSettings = {
				ASSETCATALOG_COMPILER_APPICON_NAME = AppIcon;
				ASSETCATALOG_COMPILER_GLOBAL_ACCENT_COLOR_NAME = AccentColor;
				CODE_SIGN_STYLE = Automatic;
				CURRENT_PROJECT_VERSION = 1;
				DEVELOPMENT_TEAM = Z6247PH2JQ;
				GENERATE_INFOPLIST_FILE = YES;
				INFOPLIST_FILE = YouTubeClone/Info.plist;
				INFOPLIST_KEY_UIApplicationSupportsIndirectInputEvents = YES;
				INFOPLIST_KEY_UILaunchStoryboardName = LaunchScreen;
				INFOPLIST_KEY_UIMainStoryboardFile = Main;
				INFOPLIST_KEY_UISupportedInterfaceOrientations_iPad = "UIInterfaceOrientationPortrait UIInterfaceOrientationPortraitUpsideDown UIInterfaceOrientationLandscapeLeft UIInterfaceOrientationLandscapeRight";
				INFOPLIST_KEY_UISupportedInterfaceOrientations_iPhone = "UIInterfaceOrientationPortrait UIInterfaceOrientationLandscapeLeft UIInterfaceOrientationLandscapeRight";
				LD_RUNPATH_SEARCH_PATHS = (
					"$(inherited)",
					"@executable_path/Frameworks",
				);
				MARKETING_VERSION = 1.0;
				PRODUCT_BUNDLE_IDENTIFIER = com.victorroldan.YouTubeClone;
				PRODUCT_NAME = "$(TARGET_NAME)";
				SWIFT_EMIT_LOC_STRINGS = YES;
				SWIFT_VERSION = 5.0;
				TARGETED_DEVICE_FAMILY = "1,2";
			};
			name = Debug;
		};
		8EC735EB27C2AA4400010A7E /* Release */ = {
			isa = XCBuildConfiguration;
			baseConfigurationReference = EAEE9AA3C1D83FE1BAE8728D /* Pods-YouTubeClone.release.xcconfig */;
			buildSettings = {
				ASSETCATALOG_COMPILER_APPICON_NAME = AppIcon;
				ASSETCATALOG_COMPILER_GLOBAL_ACCENT_COLOR_NAME = AccentColor;
				CODE_SIGN_STYLE = Automatic;
				CURRENT_PROJECT_VERSION = 1;
				DEVELOPMENT_TEAM = Z6247PH2JQ;
				GENERATE_INFOPLIST_FILE = YES;
				INFOPLIST_FILE = YouTubeClone/Info.plist;
				INFOPLIST_KEY_UIApplicationSupportsIndirectInputEvents = YES;
				INFOPLIST_KEY_UILaunchStoryboardName = LaunchScreen;
				INFOPLIST_KEY_UIMainStoryboardFile = Main;
				INFOPLIST_KEY_UISupportedInterfaceOrientations_iPad = "UIInterfaceOrientationPortrait UIInterfaceOrientationPortraitUpsideDown UIInterfaceOrientationLandscapeLeft UIInterfaceOrientationLandscapeRight";
				INFOPLIST_KEY_UISupportedInterfaceOrientations_iPhone = "UIInterfaceOrientationPortrait UIInterfaceOrientationLandscapeLeft UIInterfaceOrientationLandscapeRight";
				LD_RUNPATH_SEARCH_PATHS = (
					"$(inherited)",
					"@executable_path/Frameworks",
				);
				MARKETING_VERSION = 1.0;
				PRODUCT_BUNDLE_IDENTIFIER = com.victorroldan.YouTubeClone;
				PRODUCT_NAME = "$(TARGET_NAME)";
				SWIFT_EMIT_LOC_STRINGS = YES;
				SWIFT_VERSION = 5.0;
				TARGETED_DEVICE_FAMILY = "1,2";
			};
			name = Release;
		};
/* End XCBuildConfiguration section */

/* Begin XCConfigurationList section */
		8EC735D027C2AA4200010A7E /* Build configuration list for PBXProject "YouTubeClone" */ = {
			isa = XCConfigurationList;
			buildConfigurations = (
				8EC735E727C2AA4400010A7E /* Debug */,
				8EC735E827C2AA4400010A7E /* Release */,
			);
			defaultConfigurationIsVisible = 0;
			defaultConfigurationName = Release;
		};
		8EC735E927C2AA4400010A7E /* Build configuration list for PBXNativeTarget "YouTubeClone" */ = {
			isa = XCConfigurationList;
			buildConfigurations = (
				8EC735EA27C2AA4400010A7E /* Debug */,
				8EC735EB27C2AA4400010A7E /* Release */,
			);
			defaultConfigurationIsVisible = 0;
			defaultConfigurationName = Release;
		};
/* End XCConfigurationList section */
	};
	rootObject = 8EC735CD27C2AA4200010A7E /* Project object */;
}
